// !$*UTF8*$!
{
	archiveVersion = 1;
	classes = {
	};
	objectVersion = 46;
	objects = {

/* Begin PBXBuildFile section */
		76BACED21D73EC3A00ED0AB2 /* Synchronized.h in Headers */ = {isa = PBXBuildFile; fileRef = 76BACED01D73EC3A00ED0AB2 /* Synchronized.h */; settings = {ATTRIBUTES = (Public, ); }; };
		76BACEDC1D73EC4A00ED0AB2 /* Synchronized.swift in Sources */ = {isa = PBXBuildFile; fileRef = 76BACEDB1D73EC4A00ED0AB2 /* Synchronized.swift */; };
		76BACEE61D749D5D00ED0AB2 /* Synchronized.framework in Frameworks */ = {isa = PBXBuildFile; fileRef = 76BACECE1D73EC3A00ED0AB2 /* Synchronized.framework */; };
		76CE81A41EC6A9D900FEF690 /* BasicTests.swift in Sources */ = {isa = PBXBuildFile; fileRef = 76CE81A31EC6A9D400FEF690 /* BasicTests.swift */; };
		76CE81B91EC6C67500FEF690 /* PerformanceTests.swift in Sources */ = {isa = PBXBuildFile; fileRef = 76CE81B71EC6C67100FEF690 /* PerformanceTests.swift */; };
/* End PBXBuildFile section */

/* Begin PBXContainerItemProxy section */
		76BACEE71D749D5D00ED0AB2 /* PBXContainerItemProxy */ = {
			isa = PBXContainerItemProxy;
			containerPortal = 76BACE961D73EBD500ED0AB2 /* Project object */;
			proxyType = 1;
			remoteGlobalIDString = 76BACECD1D73EC3A00ED0AB2;
			remoteInfo = Synchronized;
		};
/* End PBXContainerItemProxy section */

/* Begin PBXFileReference section */
		76BACECE1D73EC3A00ED0AB2 /* Synchronized.framework */ = {isa = PBXFileReference; explicitFileType = wrapper.framework; includeInIndex = 0; path = Synchronized.framework; sourceTree = BUILT_PRODUCTS_DIR; };
		76BACED01D73EC3A00ED0AB2 /* Synchronized.h */ = {isa = PBXFileReference; lastKnownFileType = sourcecode.c.h; path = Synchronized.h; sourceTree = "<group>"; };
		76BACED11D73EC3A00ED0AB2 /* Info.plist */ = {isa = PBXFileReference; lastKnownFileType = text.plist.xml; path = Info.plist; sourceTree = "<group>"; };
		76BACEDB1D73EC4A00ED0AB2 /* Synchronized.swift */ = {isa = PBXFileReference; fileEncoding = 4; lastKnownFileType = sourcecode.swift; path = Synchronized.swift; sourceTree = "<group>"; };
		76BACEE11D749D5D00ED0AB2 /* SynchronizedTests.xctest */ = {isa = PBXFileReference; explicitFileType = wrapper.cfbundle; includeInIndex = 0; path = SynchronizedTests.xctest; sourceTree = BUILT_PRODUCTS_DIR; };
		76CE819D1EC6A72A00FEF690 /* README.md */ = {isa = PBXFileReference; lastKnownFileType = net.daringfireball.markdown; path = README.md; sourceTree = "<group>"; };
		76CE819E1EC6A81000FEF690 /* Package.swift */ = {isa = PBXFileReference; lastKnownFileType = sourcecode.swift; path = Package.swift; sourceTree = "<group>"; };
		76CE81A21EC6A9D400FEF690 /* Info.plist */ = {isa = PBXFileReference; lastKnownFileType = text.plist.xml; name = Info.plist; path = Tests/SynchronizedTests/Info.plist; sourceTree = SOURCE_ROOT; };
		76CE81A31EC6A9D400FEF690 /* BasicTests.swift */ = {isa = PBXFileReference; lastKnownFileType = sourcecode.swift; name = BasicTests.swift; path = Tests/SynchronizedTests/BasicTests.swift; sourceTree = SOURCE_ROOT; };
		76CE81B71EC6C67100FEF690 /* PerformanceTests.swift */ = {isa = PBXFileReference; fileEncoding = 4; lastKnownFileType = sourcecode.swift; name = PerformanceTests.swift; path = Tests/SynchronizedTests/PerformanceTests.swift; sourceTree = SOURCE_ROOT; };
/* End PBXFileReference section */

/* Begin PBXFrameworksBuildPhase section */
		76BACECA1D73EC3A00ED0AB2 /* Frameworks */ = {
			isa = PBXFrameworksBuildPhase;
			buildActionMask = 2147483647;
			files = (
			);
			runOnlyForDeploymentPostprocessing = 0;
		};
		76BACEDE1D749D5D00ED0AB2 /* Frameworks */ = {
			isa = PBXFrameworksBuildPhase;
			buildActionMask = 2147483647;
			files = (
				76BACEE61D749D5D00ED0AB2 /* Synchronized.framework in Frameworks */,
			);
			runOnlyForDeploymentPostprocessing = 0;
		};
/* End PBXFrameworksBuildPhase section */

/* Begin PBXGroup section */
		76BACE951D73EBD500ED0AB2 = {
			isa = PBXGroup;
			children = (
				76CE819D1EC6A72A00FEF690 /* README.md */,
				76CE819E1EC6A81000FEF690 /* Package.swift */,
				76BACECF1D73EC3A00ED0AB2 /* Synchronized */,
				76BACEE21D749D5D00ED0AB2 /* SynchronizedTests */,
				76BACE9F1D73EBD500ED0AB2 /* Products */,
			);
			sourceTree = "<group>";
		};
		76BACE9F1D73EBD500ED0AB2 /* Products */ = {
			isa = PBXGroup;
			children = (
				76BACECE1D73EC3A00ED0AB2 /* Synchronized.framework */,
				76BACEE11D749D5D00ED0AB2 /* SynchronizedTests.xctest */,
			);
			name = Products;
			sourceTree = "<group>";
		};
		76BACECF1D73EC3A00ED0AB2 /* Synchronized */ = {
			isa = PBXGroup;
			children = (
				76BACED01D73EC3A00ED0AB2 /* Synchronized.h */,
				76BACEDB1D73EC4A00ED0AB2 /* Synchronized.swift */,
				76BACED11D73EC3A00ED0AB2 /* Info.plist */,
			);
			path = Synchronized;
			sourceTree = "<group>";
		};
		76BACEE21D749D5D00ED0AB2 /* SynchronizedTests */ = {
			isa = PBXGroup;
			children = (
				76CE81A21EC6A9D400FEF690 /* Info.plist */,
				76CE81A31EC6A9D400FEF690 /* BasicTests.swift */,
				76CE81B71EC6C67100FEF690 /* PerformanceTests.swift */,
			);
			path = SynchronizedTests;
			sourceTree = "<group>";
		};
/* End PBXGroup section */

/* Begin PBXHeadersBuildPhase section */
		76BACECB1D73EC3A00ED0AB2 /* Headers */ = {
			isa = PBXHeadersBuildPhase;
			buildActionMask = 2147483647;
			files = (
				76BACED21D73EC3A00ED0AB2 /* Synchronized.h in Headers */,
			);
			runOnlyForDeploymentPostprocessing = 0;
		};
/* End PBXHeadersBuildPhase section */

/* Begin PBXNativeTarget section */
		76BACECD1D73EC3A00ED0AB2 /* Synchronized */ = {
			isa = PBXNativeTarget;
			buildConfigurationList = 76BACED71D73EC3A00ED0AB2 /* Build configuration list for PBXNativeTarget "Synchronized" */;
			buildPhases = (
				76BACEC91D73EC3A00ED0AB2 /* Sources */,
				76BACECA1D73EC3A00ED0AB2 /* Frameworks */,
				76BACECB1D73EC3A00ED0AB2 /* Headers */,
				76BACECC1D73EC3A00ED0AB2 /* Resources */,
			);
			buildRules = (
			);
			dependencies = (
			);
			name = Synchronized;
			productName = Synchronized;
			productReference = 76BACECE1D73EC3A00ED0AB2 /* Synchronized.framework */;
			productType = "com.apple.product-type.framework";
		};
		76BACEE01D749D5D00ED0AB2 /* SynchronizedTests */ = {
			isa = PBXNativeTarget;
			buildConfigurationList = 76BACEE91D749D5D00ED0AB2 /* Build configuration list for PBXNativeTarget "SynchronizedTests" */;
			buildPhases = (
				76BACEDD1D749D5D00ED0AB2 /* Sources */,
				76BACEDE1D749D5D00ED0AB2 /* Frameworks */,
				76BACEDF1D749D5D00ED0AB2 /* Resources */,
			);
			buildRules = (
			);
			dependencies = (
				76BACEE81D749D5D00ED0AB2 /* PBXTargetDependency */,
			);
			name = SynchronizedTests;
			productName = SynchronizedTests;
			productReference = 76BACEE11D749D5D00ED0AB2 /* SynchronizedTests.xctest */;
			productType = "com.apple.product-type.bundle.unit-test";
		};
/* End PBXNativeTarget section */

/* Begin PBXProject section */
		76BACE961D73EBD500ED0AB2 /* Project object */ = {
			isa = PBXProject;
			attributes = {
				LastSwiftUpdateCheck = 0800;
				LastUpgradeCheck = 0800;
				ORGANIZATIONNAME = "Kelan Champagne";
				TargetAttributes = {
					76BACECD1D73EC3A00ED0AB2 = {
						CreatedOnToolsVersion = 8.0;
						LastSwiftMigration = 0800;
						ProvisioningStyle = Automatic;
					};
					76BACEE01D749D5D00ED0AB2 = {
						CreatedOnToolsVersion = 8.0;
						ProvisioningStyle = Automatic;
					};
				};
			};
			buildConfigurationList = 76BACE991D73EBD500ED0AB2 /* Build configuration list for PBXProject "Synchronized" */;
			compatibilityVersion = "Xcode 3.2";
			developmentRegion = English;
			hasScannedForEncodings = 0;
			knownRegions = (
				en,
				Base,
			);
			mainGroup = 76BACE951D73EBD500ED0AB2;
			productRefGroup = 76BACE9F1D73EBD500ED0AB2 /* Products */;
			projectDirPath = "";
			projectRoot = "";
			targets = (
				76BACECD1D73EC3A00ED0AB2 /* Synchronized */,
				76BACEE01D749D5D00ED0AB2 /* SynchronizedTests */,
			);
		};
/* End PBXProject section */

/* Begin PBXResourcesBuildPhase section */
		76BACECC1D73EC3A00ED0AB2 /* Resources */ = {
			isa = PBXResourcesBuildPhase;
			buildActionMask = 2147483647;
			files = (
			);
			runOnlyForDeploymentPostprocessing = 0;
		};
		76BACEDF1D749D5D00ED0AB2 /* Resources */ = {
			isa = PBXResourcesBuildPhase;
			buildActionMask = 2147483647;
			files = (
			);
			runOnlyForDeploymentPostprocessing = 0;
		};
/* End PBXResourcesBuildPhase section */

/* Begin PBXSourcesBuildPhase section */
		76BACEC91D73EC3A00ED0AB2 /* Sources */ = {
			isa = PBXSourcesBuildPhase;
			buildActionMask = 2147483647;
			files = (
				76BACEDC1D73EC4A00ED0AB2 /* Synchronized.swift in Sources */,
			);
			runOnlyForDeploymentPostprocessing = 0;
		};
		76BACEDD1D749D5D00ED0AB2 /* Sources */ = {
			isa = PBXSourcesBuildPhase;
			buildActionMask = 2147483647;
			files = (
				76CE81B91EC6C67500FEF690 /* PerformanceTests.swift in Sources */,
				76CE81A41EC6A9D900FEF690 /* BasicTests.swift in Sources */,
			);
			runOnlyForDeploymentPostprocessing = 0;
		};
/* End PBXSourcesBuildPhase section */

/* Begin PBXTargetDependency section */
		76BACEE81D749D5D00ED0AB2 /* PBXTargetDependency */ = {
			isa = PBXTargetDependency;
			target = 76BACECD1D73EC3A00ED0AB2 /* Synchronized */;
			targetProxy = 76BACEE71D749D5D00ED0AB2 /* PBXContainerItemProxy */;
		};
/* End PBXTargetDependency section */

/* Begin XCBuildConfiguration section */
		76BACEB41D73EBD500ED0AB2 /* Debug */ = {
			isa = XCBuildConfiguration;
			buildSettings = {
				ALWAYS_SEARCH_USER_PATHS = NO;
				CLANG_ANALYZER_NONNULL = YES;
				CLANG_CXX_LANGUAGE_STANDARD = "gnu++0x";
				CLANG_CXX_LIBRARY = "libc++";
				CLANG_ENABLE_MODULES = YES;
				CLANG_ENABLE_OBJC_ARC = YES;
				CLANG_WARN_BOOL_CONVERSION = YES;
				CLANG_WARN_CONSTANT_CONVERSION = YES;
				CLANG_WARN_DIRECT_OBJC_ISA_USAGE = YES_ERROR;
				CLANG_WARN_DOCUMENTATION_COMMENTS = YES;
				CLANG_WARN_EMPTY_BODY = YES;
				CLANG_WARN_ENUM_CONVERSION = YES;
				CLANG_WARN_INFINITE_RECURSION = YES;
				CLANG_WARN_INT_CONVERSION = YES;
				CLANG_WARN_OBJC_ROOT_CLASS = YES_ERROR;
				CLANG_WARN_SUSPICIOUS_MOVES = YES;
				CLANG_WARN_UNREACHABLE_CODE = YES;
				CLANG_WARN__DUPLICATE_METHOD_MATCH = YES;
				CODE_SIGN_IDENTITY = "-";
				COPY_PHASE_STRIP = NO;
				DEBUG_INFORMATION_FORMAT = dwarf;
				ENABLE_STRICT_OBJC_MSGSEND = YES;
				ENABLE_TESTABILITY = YES;
				GCC_C_LANGUAGE_STANDARD = gnu99;
				GCC_DYNAMIC_NO_PIC = NO;
				GCC_NO_COMMON_BLOCKS = YES;
				GCC_OPTIMIZATION_LEVEL = 0;
				GCC_PREPROCESSOR_DEFINITIONS = (
					"DEBUG=1",
					"$(inherited)",
				);
				GCC_WARN_64_TO_32_BIT_CONVERSION = YES;
				GCC_WARN_ABOUT_RETURN_TYPE = YES_ERROR;
				GCC_WARN_UNDECLARED_SELECTOR = YES;
				GCC_WARN_UNINITIALIZED_AUTOS = YES_AGGRESSIVE;
				GCC_WARN_UNUSED_FUNCTION = YES;
				GCC_WARN_UNUSED_VARIABLE = YES;
				MACOSX_DEPLOYMENT_TARGET = 10.11;
				MTL_ENABLE_DEBUG_INFO = YES;
				ONLY_ACTIVE_ARCH = YES;
				SDKROOT = macosx;
				SWIFT_ACTIVE_COMPILATION_CONDITIONS = DEBUG;
				SWIFT_OPTIMIZATION_LEVEL = "-Onone";
			};
			name = Debug;
		};
		76BACEB51D73EBD500ED0AB2 /* Release */ = {
			isa = XCBuildConfiguration;
			buildSettings = {
				ALWAYS_SEARCH_USER_PATHS = NO;
				CLANG_ANALYZER_NONNULL = YES;
				CLANG_CXX_LANGUAGE_STANDARD = "gnu++0x";
				CLANG_CXX_LIBRARY = "libc++";
				CLANG_ENABLE_MODULES = YES;
				CLANG_ENABLE_OBJC_ARC = YES;
				CLANG_WARN_BOOL_CONVERSION = YES;
				CLANG_WARN_CONSTANT_CONVERSION = YES;
				CLANG_WARN_DIRECT_OBJC_ISA_USAGE = YES_ERROR;
				CLANG_WARN_DOCUMENTATION_COMMENTS = YES;
				CLANG_WARN_EMPTY_BODY = YES;
				CLANG_WARN_ENUM_CONVERSION = YES;
				CLANG_WARN_INFINITE_RECURSION = YES;
				CLANG_WARN_INT_CONVERSION = YES;
				CLANG_WARN_OBJC_ROOT_CLASS = YES_ERROR;
				CLANG_WARN_SUSPICIOUS_MOVES = YES;
				CLANG_WARN_UNREACHABLE_CODE = YES;
				CLANG_WARN__DUPLICATE_METHOD_MATCH = YES;
				CODE_SIGN_IDENTITY = "-";
				COPY_PHASE_STRIP = NO;
				DEBUG_INFORMATION_FORMAT = "dwarf-with-dsym";
				ENABLE_NS_ASSERTIONS = NO;
				ENABLE_STRICT_OBJC_MSGSEND = YES;
				GCC_C_LANGUAGE_STANDARD = gnu99;
				GCC_NO_COMMON_BLOCKS = YES;
				GCC_WARN_64_TO_32_BIT_CONVERSION = YES;
				GCC_WARN_ABOUT_RETURN_TYPE = YES_ERROR;
				GCC_WARN_UNDECLARED_SELECTOR = YES;
				GCC_WARN_UNINITIALIZED_AUTOS = YES_AGGRESSIVE;
				GCC_WARN_UNUSED_FUNCTION = YES;
				GCC_WARN_UNUSED_VARIABLE = YES;
				MACOSX_DEPLOYMENT_TARGET = 10.11;
				MTL_ENABLE_DEBUG_INFO = NO;
				SDKROOT = macosx;
				SWIFT_OPTIMIZATION_LEVEL = "-Owholemodule";
			};
			name = Release;
		};
		76BACED81D73EC3A00ED0AB2 /* Debug */ = {
			isa = XCBuildConfiguration;
			buildSettings = {
				CLANG_ENABLE_MODULES = YES;
				CODE_SIGN_IDENTITY = "";
				COMBINE_HIDPI_IMAGES = YES;
				CURRENT_PROJECT_VERSION = 1;
				DEFINES_MODULE = YES;
				DYLIB_COMPATIBILITY_VERSION = 1;
				DYLIB_CURRENT_VERSION = 1;
				DYLIB_INSTALL_NAME_BASE = "@rpath";
				FRAMEWORK_VERSION = A;
				INFOPLIST_FILE = Synchronized/Info.plist;
				INSTALL_PATH = "$(LOCAL_LIBRARY_DIR)/Frameworks";
				LD_RUNPATH_SEARCH_PATHS = "$(inherited) @executable_path/../Frameworks @loader_path/Frameworks";
				PRODUCT_BUNDLE_IDENTIFIER = io.kelan.Synchronized;
				PRODUCT_NAME = "$(TARGET_NAME)";
				SKIP_INSTALL = YES;
				SWIFT_OPTIMIZATION_LEVEL = "-Onone";
				SWIFT_VERSION = 3.0;
				VERSIONING_SYSTEM = "apple-generic";
				VERSION_INFO_PREFIX = "";
			};
			name = Debug;
		};
		76BACED91D73EC3A00ED0AB2 /* Release */ = {
			isa = XCBuildConfiguration;
			buildSettings = {
				CLANG_ENABLE_MODULES = YES;
				CODE_SIGN_IDENTITY = "";
				COMBINE_HIDPI_IMAGES = YES;
				CURRENT_PROJECT_VERSION = 1;
				DEFINES_MODULE = YES;
				DYLIB_COMPATIBILITY_VERSION = 1;
				DYLIB_CURRENT_VERSION = 1;
				DYLIB_INSTALL_NAME_BASE = "@rpath";
				FRAMEWORK_VERSION = A;
				INFOPLIST_FILE = Synchronized/Info.plist;
				INSTALL_PATH = "$(LOCAL_LIBRARY_DIR)/Frameworks";
				LD_RUNPATH_SEARCH_PATHS = "$(inherited) @executable_path/../Frameworks @loader_path/Frameworks";
				PRODUCT_BUNDLE_IDENTIFIER = io.kelan.Synchronized;
				PRODUCT_NAME = "$(TARGET_NAME)";
				SKIP_INSTALL = YES;
				SWIFT_VERSION = 3.0;
				VERSIONING_SYSTEM = "apple-generic";
				VERSION_INFO_PREFIX = "";
			};
			name = Release;
		};
		76BACEEA1D749D5D00ED0AB2 /* Debug */ = {
			isa = XCBuildConfiguration;
			buildSettings = {
				COMBINE_HIDPI_IMAGES = YES;
				INFOPLIST_FILE = Tests/SynchronizedTests/Info.plist;
				LD_RUNPATH_SEARCH_PATHS = "$(inherited) @executable_path/../Frameworks @loader_path/../Frameworks";
				PRODUCT_BUNDLE_IDENTIFIER = io.kelan.SynchronizedTests;
				PRODUCT_NAME = "$(TARGET_NAME)";
				SWIFT_VERSION = 3.0;
			};
			name = Debug;
		};
		76BACEEB1D749D5D00ED0AB2 /* Release */ = {
			isa = XCBuildConfiguration;
			buildSettings = {
				COMBINE_HIDPI_IMAGES = YES;
				INFOPLIST_FILE = Tests/SynchronizedTests/Info.plist;
				LD_RUNPATH_SEARCH_PATHS = "$(inherited) @executable_path/../Frameworks @loader_path/../Frameworks";
				PRODUCT_BUNDLE_IDENTIFIER = io.kelan.SynchronizedTests;
				PRODUCT_NAME = "$(TARGET_NAME)";
				SWIFT_VERSION = 3.0;
			};
			name = Release;
		};
/* End XCBuildConfiguration section */

/* Begin XCConfigurationList section */
		76BACE991D73EBD500ED0AB2 /* Build configuration list for PBXProject "Synchronized" */ = {
			isa = XCConfigurationList;
			buildConfigurations = (
				76BACEB41D73EBD500ED0AB2 /* Debug */,
				76BACEB51D73EBD500ED0AB2 /* Release */,
			);
			defaultConfigurationIsVisible = 0;
			defaultConfigurationName = Release;
		};
		76BACED71D73EC3A00ED0AB2 /* Build configuration list for PBXNativeTarget "Synchronized" */ = {
			isa = XCConfigurationList;
			buildConfigurations = (
				76BACED81D73EC3A00ED0AB2 /* Debug */,
				76BACED91D73EC3A00ED0AB2 /* Release */,
			);
			defaultConfigurationIsVisible = 0;
			defaultConfigurationName = Release;
		};
		76BACEE91D749D5D00ED0AB2 /* Build configuration list for PBXNativeTarget "SynchronizedTests" */ = {
			isa = XCConfigurationList;
			buildConfigurations = (
				76BACEEA1D749D5D00ED0AB2 /* Debug */,
				76BACEEB1D749D5D00ED0AB2 /* Release */,
			);
			defaultConfigurationIsVisible = 0;
			defaultConfigurationName = Release;
		};
/* End XCConfigurationList section */
	};
	rootObject = 76BACE961D73EBD500ED0AB2 /* Project object */;
}
